
Microsoft Visual Studio Solution File, Format Version 12.00
# Visual Studio Version 17
VisualStudioVersion = 17.7.34003.232
MinimumVisualStudioVersion = 10.0.40219.1
Project("{FAE04EC0-301F-11D3-BF4B-00C04F79EFBC}") = "ConsoleApp1", "ConsoleApp1\ConsoleApp1.csproj", "{AB8E387C-F7D9-4503-A0EF-29A6E2E02104}"
EndProject
Global
	GlobalSection(SolutionConfigurationPlatforms) = preSolution
		Debug|Any CPU = Debug|Any CPU
		Release|Any CPU = Release|Any CPU
	EndGlobalSection
	GlobalSection(ProjectConfigurationPlatforms) = postSolution
		{AB8E387C-F7D9-4503-A0EF-29A6E2E02104}.Debug|Any CPU.ActiveCfg = Debug|Any CPU
		{AB8E387C-F7D9-4503-A0EF-29A6E2E02104}.Debug|Any CPU.Build.0 = Debug|Any CPU
		{AB8E387C-F7D9-4503-A0EF-29A6E2E02104}.Release|Any CPU.ActiveCfg = Release|Any CPU
		{AB8E387C-F7D9-4503-A0EF-29A6E2E02104}.Release|Any CPU.Build.0 = Release|Any CPU
	EndGlobalSection
	GlobalSection(SolutionProperties) = preSolution
		HideSolutionNode = FALSE
	EndGlobalSection
	GlobalSection(ExtensibilityGlobals) = postSolution
		SolutionGuid = {F55AB96C-00A3-43B6-9A6A-6DE6F712732E}
	EndGlobalSection
EndGlobal
